// !$*UTF8*$!
{
	archiveVersion = 1;
	classes = {
	};
	objectVersion = 50;
	objects = {

/* Begin PBXBuildFile section */
		6A9F848222C879440063A70F /* AppDelegate.swift in Sources */ = {isa = PBXBuildFile; fileRef = 6A9F848122C879440063A70F /* AppDelegate.swift */; };
		6A9F848422C879440063A70F /* CategoriesVC.swift in Sources */ = {isa = PBXBuildFile; fileRef = 6A9F848322C879440063A70F /* CategoriesVC.swift */; };
		6A9F848722C879440063A70F /* Main.storyboard in Resources */ = {isa = PBXBuildFile; fileRef = 6A9F848522C879440063A70F /* Main.storyboard */; };
		6A9F848922C879460063A70F /* Assets.xcassets in Resources */ = {isa = PBXBuildFile; fileRef = 6A9F848822C879460063A70F /* Assets.xcassets */; };
		6A9F848C22C879460063A70F /* LaunchScreen.storyboard in Resources */ = {isa = PBXBuildFile; fileRef = 6A9F848A22C879460063A70F /* LaunchScreen.storyboard */; };
		6A9F849722C88B1B0063A70F /* CategoryCell.swift in Sources */ = {isa = PBXBuildFile; fileRef = 6A9F849622C88B1B0063A70F /* CategoryCell.swift */; };
		6A9F849922C88DAE0063A70F /* Category.swift in Sources */ = {isa = PBXBuildFile; fileRef = 6A9F849822C88DAE0063A70F /* Category.swift */; };
		6A9F849C22C88F8C0063A70F /* DataService.swift in Sources */ = {isa = PBXBuildFile; fileRef = 6A9F849B22C88F8C0063A70F /* DataService.swift */; };
		6AD00B5B22C90BF30060DC28 /* ProductCell.swift in Sources */ = {isa = PBXBuildFile; fileRef = 6AD00B5A22C90BF30060DC28 /* ProductCell.swift */; };
/* End PBXBuildFile section */

/* Begin PBXFileReference section */
		6A9F847E22C879440063A70F /* JeffMall.app */ = {isa = PBXFileReference; explicitFileType = wrapper.application; includeInIndex = 0; path = JeffMall.app; sourceTree = BUILT_PRODUCTS_DIR; };
		6A9F848122C879440063A70F /* AppDelegate.swift */ = {isa = PBXFileReference; lastKnownFileType = sourcecode.swift; path = AppDelegate.swift; sourceTree = "<group>"; };
		6A9F848322C879440063A70F /* CategoriesVC.swift */ = {isa = PBXFileReference; lastKnownFileType = sourcecode.swift; path = CategoriesVC.swift; sourceTree = "<group>"; };
		6A9F848622C879440063A70F /* Base */ = {isa = PBXFileReference; lastKnownFileType = file.storyboard; name = Base; path = Base.lproj/Main.storyboard; sourceTree = "<group>"; };
		6A9F848822C879460063A70F /* Assets.xcassets */ = {isa = PBXFileReference; lastKnownFileType = folder.assetcatalog; path = Assets.xcassets; sourceTree = "<group>"; };
		6A9F848B22C879460063A70F /* Base */ = {isa = PBXFileReference; lastKnownFileType = file.storyboard; name = Base; path = Base.lproj/LaunchScreen.storyboard; sourceTree = "<group>"; };
		6A9F848D22C879460063A70F /* Info.plist */ = {isa = PBXFileReference; lastKnownFileType = text.plist.xml; path = Info.plist; sourceTree = "<group>"; };
		6A9F849622C88B1B0063A70F /* CategoryCell.swift */ = {isa = PBXFileReference; lastKnownFileType = sourcecode.swift; path = CategoryCell.swift; sourceTree = "<group>"; };
		6A9F849822C88DAE0063A70F /* Category.swift */ = {isa = PBXFileReference; lastKnownFileType = sourcecode.swift; path = Category.swift; sourceTree = "<group>"; };
		6A9F849B22C88F8C0063A70F /* DataService.swift */ = {isa = PBXFileReference; lastKnownFileType = sourcecode.swift; path = DataService.swift; sourceTree = "<group>"; };
		6AD00B5A22C90BF30060DC28 /* ProductCell.swift */ = {isa = PBXFileReference; lastKnownFileType = sourcecode.swift; path = ProductCell.swift; sourceTree = "<group>"; };
/* End PBXFileReference section */

/* Begin PBXFrameworksBuildPhase section */
		6A9F847B22C879440063A70F /* Frameworks */ = {
			isa = PBXFrameworksBuildPhase;
			buildActionMask = 2147483647;
			files = (
			);
			runOnlyForDeploymentPostprocessing = 0;
		};
/* End PBXFrameworksBuildPhase section */

/* Begin PBXGroup section */
		6A9F847522C879440063A70F = {
			isa = PBXGroup;
			children = (
				6A9F848022C879440063A70F /* JeffMall */,
				6A9F847F22C879440063A70F /* Products */,
			);
			sourceTree = "<group>";
		};
		6A9F847F22C879440063A70F /* Products */ = {
			isa = PBXGroup;
			children = (
				6A9F847E22C879440063A70F /* JeffMall.app */,
			);
			name = Products;
			sourceTree = "<group>";
		};
		6A9F848022C879440063A70F /* JeffMall */ = {
			isa = PBXGroup;
			children = (
				6A9F849A22C88F7C0063A70F /* Services */,
				6A9F849522C87A940063A70F /* Model */,
				6A9F849422C87A860063A70F /* Controller */,
				6A9F849322C87A7B0063A70F /* View */,
				6A9F848122C879440063A70F /* AppDelegate.swift */,
				6A9F848522C879440063A70F /* Main.storyboard */,
				6A9F848822C879460063A70F /* Assets.xcassets */,
				6A9F848A22C879460063A70F /* LaunchScreen.storyboard */,
				6A9F848D22C879460063A70F /* Info.plist */,
			);
			path = JeffMall;
			sourceTree = "<group>";
		};
		6A9F849322C87A7B0063A70F /* View */ = {
			isa = PBXGroup;
			children = (
				6A9F849622C88B1B0063A70F /* CategoryCell.swift */,
				6AD00B5A22C90BF30060DC28 /* ProductCell.swift */,
			);
			path = View;
			sourceTree = "<group>";
		};
		6A9F849422C87A860063A70F /* Controller */ = {
			isa = PBXGroup;
			children = (
				6A9F848322C879440063A70F /* CategoriesVC.swift */,
			);
			path = Controller;
			sourceTree = "<group>";
		};
		6A9F849522C87A940063A70F /* Model */ = {
			isa = PBXGroup;
			children = (
				6A9F849822C88DAE0063A70F /* Category.swift */,
			);
			path = Model;
			sourceTree = "<group>";
		};
		6A9F849A22C88F7C0063A70F /* Services */ = {
			isa = PBXGroup;
			children = (
				6A9F849B22C88F8C0063A70F /* DataService.swift */,
			);
			path = Services;
			sourceTree = "<group>";
		};
/* End PBXGroup section */

/* Begin PBXNativeTarget section */
		6A9F847D22C879440063A70F /* JeffMall */ = {
			isa = PBXNativeTarget;
			buildConfigurationList = 6A9F849022C879460063A70F /* Build configuration list for PBXNativeTarget "JeffMall" */;
			buildPhases = (
				6A9F847A22C879440063A70F /* Sources */,
				6A9F847B22C879440063A70F /* Frameworks */,
				6A9F847C22C879440063A70F /* Resources */,
			);
			buildRules = (
			);
			dependencies = (
			);
			name = JeffMall;
			productName = JeffMall;
			productReference = 6A9F847E22C879440063A70F /* JeffMall.app */;
			productType = "com.apple.product-type.application";
		};
/* End PBXNativeTarget section */

/* Begin PBXProject section */
		6A9F847622C879440063A70F /* Project object */ = {
			isa = PBXProject;
			attributes = {
				LastSwiftUpdateCheck = 1010;
				LastUpgradeCheck = 1010;
				ORGANIZATIONNAME = Tuentuenna;
				TargetAttributes = {
					6A9F847D22C879440063A70F = {
						CreatedOnToolsVersion = 10.1;
					};
				};
			};
			buildConfigurationList = 6A9F847922C879440063A70F /* Build configuration list for PBXProject "JeffMall" */;
			compatibilityVersion = "Xcode 9.3";
			developmentRegion = en;
			hasScannedForEncodings = 0;
			knownRegions = (
				en,
				Base,
			);
			mainGroup = 6A9F847522C879440063A70F;
			productRefGroup = 6A9F847F22C879440063A70F /* Products */;
			projectDirPath = "";
			projectRoot = "";
			targets = (
				6A9F847D22C879440063A70F /* JeffMall */,
			);
		};
/* End PBXProject section */

/* Begin PBXResourcesBuildPhase section */
		6A9F847C22C879440063A70F /* Resources */ = {
			isa = PBXResourcesBuildPhase;
			buildActionMask = 2147483647;
			files = (
				6A9F848C22C879460063A70F /* LaunchScreen.storyboard in Resources */,
				6A9F848922C879460063A70F /* Assets.xcassets in Resources */,
				6A9F848722C879440063A70F /* Main.storyboard in Resources */,
			);
			runOnlyForDeploymentPostprocessing = 0;
		};
/* End PBXResourcesBuildPhase section */

/* Begin PBXSourcesBuildPhase section */
		6A9F847A22C879440063A70F /* Sources */ = {
			isa = PBXSourcesBuildPhase;
			buildActionMask = 2147483647;
			files = (
				6A9F848422C879440063A70F /* CategoriesVC.swift in Sources */,
				6A9F848222C879440063A70F /* AppDelegate.swift in Sources */,
				6A9F849722C88B1B0063A70F /* CategoryCell.swift in Sources */,
				6AD00B5B22C90BF30060DC28 /* ProductCell.swift in Sources */,
				6A9F849922C88DAE0063A70F /* Category.swift in Sources */,
				6A9F849C22C88F8C0063A70F /* DataService.swift in Sources */,
			);
			runOnlyForDeploymentPostprocessing = 0;
		};
/* End PBXSourcesBuildPhase section */

/* Begin PBXVariantGroup section */
		6A9F848522C879440063A70F /* Main.storyboard */ = {
			isa = PBXVariantGroup;
			children = (
				6A9F848622C879440063A70F /* Base */,
			);
			name = Main.storyboard;
			sourceTree = "<group>";
		};
		6A9F848A22C879460063A70F /* LaunchScreen.storyboard */ = {
			isa = PBXVariantGroup;
			children = (
				6A9F848B22C879460063A70F /* Base */,
			);
			name = LaunchScreen.storyboard;
			sourceTree = "<group>";
		};
/* End PBXVariantGroup section */

/* Begin XCBuildConfiguration section */
		6A9F848E22C879460063A70F /* Debug */ = {
			isa = XCBuildConfiguration;
			buildSettings = {
				ALWAYS_SEARCH_USER_PATHS = NO;
				CLANG_ANALYZER_NONNULL = YES;
				CLANG_ANALYZER_NUMBER_OBJECT_CONVERSION = YES_AGGRESSIVE;
				CLANG_CXX_LANGUAGE_STANDARD = "gnu++14";
				CLANG_CXX_LIBRARY = "libc++";
				CLANG_ENABLE_MODULES = YES;
				CLANG_ENABLE_OBJC_ARC = YES;
				CLANG_ENABLE_OBJC_WEAK = YES;
				CLANG_WARN_BLOCK_CAPTURE_AUTORELEASING = YES;
				CLANG_WARN_BOOL_CONVERSION = YES;
				CLANG_WARN_COMMA = YES;
				CLANG_WARN_CONSTANT_CONVERSION = YES;
				CLANG_WARN_DEPRECATED_OBJC_IMPLEMENTATIONS = YES;
				CLANG_WARN_DIRECT_OBJC_ISA_USAGE = YES_ERROR;
				CLANG_WARN_DOCUMENTATION_COMMENTS = YES;
				CLANG_WARN_EMPTY_BODY = YES;
				CLANG_WARN_ENUM_CONVERSION = YES;
				CLANG_WARN_INFINITE_RECURSION = YES;
				CLANG_WARN_INT_CONVERSION = YES;
				CLANG_WARN_NON_LITERAL_NULL_CONVERSION = YES;
				CLANG_WARN_OBJC_IMPLICIT_RETAIN_SELF = YES;
				CLANG_WARN_OBJC_LITERAL_CONVERSION = YES;
				CLANG_WARN_OBJC_ROOT_CLASS = YES_ERROR;
				CLANG_WARN_RANGE_LOOP_ANALYSIS = YES;
				CLANG_WARN_STRICT_PROTOTYPES = YES;
				CLANG_WARN_SUSPICIOUS_MOVE = YES;
				CLANG_WARN_UNGUARDED_AVAILABILITY = YES_AGGRESSIVE;
				CLANG_WARN_UNREACHABLE_CODE = YES;
				CLANG_WARN__DUPLICATE_METHOD_MATCH = YES;
				CODE_SIGN_IDENTITY = "iPhone Developer";
				COPY_PHASE_STRIP = NO;
				DEBUG_INFORMATION_FORMAT = dwarf;
				ENABLE_STRICT_OBJC_MSGSEND = YES;
				ENABLE_TESTABILITY = YES;
				GCC_C_LANGUAGE_STANDARD = gnu11;
				GCC_DYNAMIC_NO_PIC = NO;
				GCC_NO_COMMON_BLOCKS = YES;
				GCC_OPTIMIZATION_LEVEL = 0;
				GCC_PREPROCESSOR_DEFINITIONS = (
					"DEBUG=1",
					"$(inherited)",
				);
				GCC_WARN_64_TO_32_BIT_CONVERSION = YES;
				GCC_WARN_ABOUT_RETURN_TYPE = YES_ERROR;
				GCC_WARN_UNDECLARED_SELECTOR = YES;
				GCC_WARN_UNINITIALIZED_AUTOS = YES_AGGRESSIVE;
				GCC_WARN_UNUSED_FUNCTION = YES;
				GCC_WARN_UNUSED_VARIABLE = YES;
				IPHONEOS_DEPLOYMENT_TARGET = 12.1;
				MTL_ENABLE_DEBUG_INFO = INCLUDE_SOURCE;
				MTL_FAST_MATH = YES;
				ONLY_ACTIVE_ARCH = YES;
				SDKROOT = iphoneos;
				SWIFT_ACTIVE_COMPILATION_CONDITIONS = DEBUG;
				SWIFT_OPTIMIZATION_LEVEL = "-Onone";
			};
			name = Debug;
		};
		6A9F848F22C879460063A70F /* Release */ = {
			isa = XCBuildConfiguration;
			buildSettings = {
				ALWAYS_SEARCH_USER_PATHS = NO;
				CLANG_ANALYZER_NONNULL = YES;
				CLANG_ANALYZER_NUMBER_OBJECT_CONVERSION = YES_AGGRESSIVE;
				CLANG_CXX_LANGUAGE_STANDARD = "gnu++14";
				CLANG_CXX_LIBRARY = "libc++";
				CLANG_ENABLE_MODULES = YES;
				CLANG_ENABLE_OBJC_ARC = YES;
				CLANG_ENABLE_OBJC_WEAK = YES;
				CLANG_WARN_BLOCK_CAPTURE_AUTORELEASING = YES;
				CLANG_WARN_BOOL_CONVERSION = YES;
				CLANG_WARN_COMMA = YES;
				CLANG_WARN_CONSTANT_CONVERSION = YES;
				CLANG_WARN_DEPRECATED_OBJC_IMPLEMENTATIONS = YES;
				CLANG_WARN_DIRECT_OBJC_ISA_USAGE = YES_ERROR;
				CLANG_WARN_DOCUMENTATION_COMMENTS = YES;
				CLANG_WARN_EMPTY_BODY = YES;
				CLANG_WARN_ENUM_CONVERSION = YES;
				CLANG_WARN_INFINITE_RECURSION = YES;
				CLANG_WARN_INT_CONVERSION = YES;
				CLANG_WARN_NON_LITERAL_NULL_CONVERSION = YES;
				CLANG_WARN_OBJC_IMPLICIT_RETAIN_SELF = YES;
				CLANG_WARN_OBJC_LITERAL_CONVERSION = YES;
				CLANG_WARN_OBJC_ROOT_CLASS = YES_ERROR;
				CLANG_WARN_RANGE_LOOP_ANALYSIS = YES;
				CLANG_WARN_STRICT_PROTOTYPES = YES;
				CLANG_WARN_SUSPICIOUS_MOVE = YES;
				CLANG_WARN_UNGUARDED_AVAILABILITY = YES_AGGRESSIVE;
				CLANG_WARN_UNREACHABLE_CODE = YES;
				CLANG_WARN__DUPLICATE_METHOD_MATCH = YES;
				CODE_SIGN_IDENTITY = "iPhone Developer";
				COPY_PHASE_STRIP = NO;
				DEBUG_INFORMATION_FORMAT = "dwarf-with-dsym";
				ENABLE_NS_ASSERTIONS = NO;
				ENABLE_STRICT_OBJC_MSGSEND = YES;
				GCC_C_LANGUAGE_STANDARD = gnu11;
				GCC_NO_COMMON_BLOCKS = YES;
				GCC_WARN_64_TO_32_BIT_CONVERSION = YES;
				GCC_WARN_ABOUT_RETURN_TYPE = YES_ERROR;
				GCC_WARN_UNDECLARED_SELECTOR = YES;
				GCC_WARN_UNINITIALIZED_AUTOS = YES_AGGRESSIVE;
				GCC_WARN_UNUSED_FUNCTION = YES;
				GCC_WARN_UNUSED_VARIABLE = YES;
				IPHONEOS_DEPLOYMENT_TARGET = 12.1;
				MTL_ENABLE_DEBUG_INFO = NO;
				MTL_FAST_MATH = YES;
				SDKROOT = iphoneos;
				SWIFT_COMPILATION_MODE = wholemodule;
				SWIFT_OPTIMIZATION_LEVEL = "-O";
				VALIDATE_PRODUCT = YES;
			};
			name = Release;
		};
		6A9F849122C879460063A70F /* Debug */ = {
			isa = XCBuildConfiguration;
			buildSettings = {
				ASSETCATALOG_COMPILER_APPICON_NAME = AppIcon;
				CODE_SIGN_STYLE = Automatic;
				DEVELOPMENT_TEAM = 67XDG42679;
				INFOPLIST_FILE = JeffMall/Info.plist;
				IPHONEOS_DEPLOYMENT_TARGET = 11.2;
				LD_RUNPATH_SEARCH_PATHS = (
					"$(inherited)",
					"@executable_path/Frameworks",
				);
				PRODUCT_BUNDLE_IDENTIFIER = com.Tuentuenna.JeffMall;
				PRODUCT_NAME = "$(TARGET_NAME)";
				SWIFT_VERSION = 4.2;
				TARGETED_DEVICE_FAMILY = "1,2";
			};
			name = Debug;
		};
		6A9F849222C879460063A70F /* Release */ = {
			isa = XCBuildConfiguration;
			buildSettings = {
				ASSETCATALOG_COMPILER_APPICON_NAME = AppIcon;
				CODE_SIGN_STYLE = Automatic;
				DEVELOPMENT_TEAM = 67XDG42679;
				INFOPLIST_FILE = JeffMall/Info.plist;
				IPHONEOS_DEPLOYMENT_TARGET = 11.2;
				LD_RUNPATH_SEARCH_PATHS = (
					"$(inherited)",
					"@executable_path/Frameworks",
				);
				PRODUCT_BUNDLE_IDENTIFIER = com.Tuentuenna.JeffMall;
				PRODUCT_NAME = "$(TARGET_NAME)";
				SWIFT_VERSION = 4.2;
				TARGETED_DEVICE_FAMILY = "1,2";
			};
			name = Release;
		};
/* End XCBuildConfiguration section */

/* Begin XCConfigurationList section */
		6A9F847922C879440063A70F /* Build configuration list for PBXProject "JeffMall" */ = {
			isa = XCConfigurationList;
			buildConfigurations = (
				6A9F848E22C879460063A70F /* Debug */,
				6A9F848F22C879460063A70F /* Release */,
			);
			defaultConfigurationIsVisible = 0;
			defaultConfigurationName = Release;
		};
		6A9F849022C879460063A70F /* Build configuration list for PBXNativeTarget "JeffMall" */ = {
			isa = XCConfigurationList;
			buildConfigurations = (
				6A9F849122C879460063A70F /* Debug */,
				6A9F849222C879460063A70F /* Release */,
			);
			defaultConfigurationIsVisible = 0;
			defaultConfigurationName = Release;
		};
/* End XCConfigurationList section */
	};
	rootObject = 6A9F847622C879440063A70F /* Project object */;
}
